
Microsoft Visual Studio Solution File, Format Version 12.00
# Visual Studio Version 17
VisualStudioVersion = 17.13.35818.85 d17.13
MinimumVisualStudioVersion = 10.0.40219.1
Project("{FAE04EC0-301F-11D3-BF4B-00C04F79EFBC}") = "SerialPortFluentAPILib", "SerialPortFluentAPILib.csproj", "{38673D55-3E9B-4CBD-A9B6-76A1303AFF78}"
EndProject
Project("{FAE04EC0-301F-11D3-BF4B-00C04F79EFBC}") = "SerialPortDeneme", "..\SerialPortDeneme\SerialPortDeneme.csproj", "{7E746FAF-ADDF-4A96-9384-7CE4071492C8}"
EndProject
Global
	GlobalSection(SolutionConfigurationPlatforms) = preSolution
		Debug|Any CPU = Debug|Any CPU
		Release|Any CPU = Release|Any CPU
	EndGlobalSection
	GlobalSection(ProjectConfigurationPlatforms) = postSolution
		{38673D55-3E9B-4CBD-A9B6-76A1303AFF78}.Debug|Any CPU.ActiveCfg = Debug|Any CPU
		{38673D55-3E9B-4CBD-A9B6-76A1303AFF78}.Debug|Any CPU.Build.0 = Debug|Any CPU
		{38673D55-3E9B-4CBD-A9B6-76A1303AFF78}.Release|Any CPU.ActiveCfg = Release|Any CPU
		{38673D55-3E9B-4CBD-A9B6-76A1303AFF78}.Release|Any CPU.Build.0 = Release|Any CPU
		{7E746FAF-ADDF-4A96-9384-7CE4071492C8}.Debug|Any CPU.ActiveCfg = Debug|Any CPU
		{7E746FAF-ADDF-4A96-9384-7CE4071492C8}.Debug|Any CPU.Build.0 = Debug|Any CPU
		{7E746FAF-ADDF-4A96-9384-7CE4071492C8}.Release|Any CPU.ActiveCfg = Release|Any CPU
		{7E746FAF-ADDF-4A96-9384-7CE4071492C8}.Release|Any CPU.Build.0 = Release|Any CPU
	EndGlobalSection
	GlobalSection(SolutionProperties) = preSolution
		HideSolutionNode = FALSE
	EndGlobalSection
	GlobalSection(ExtensibilityGlobals) = postSolution
		SolutionGuid = {D5AF778B-7BEF-4D17-8EAF-21EEC8853DFF}
	EndGlobalSection
EndGlobal
